
Microsoft Visual Studio Solution File, Format Version 12.00
Project("{FAE04EC0-301F-11D3-BF4B-00C04F79EFBC}") = "TPFizzBuzz", "TPFizzBuzz\TPFizzBuzz.csproj", "{FDD7C933-7C38-48C5-937D-6AFBF8F06469}"
EndProject
Global
	GlobalSection(SolutionConfigurationPlatforms) = preSolution
		Debug|Any CPU = Debug|Any CPU
		Release|Any CPU = Release|Any CPU
	EndGlobalSection
	GlobalSection(ProjectConfigurationPlatforms) = postSolution
		{FDD7C933-7C38-48C5-937D-6AFBF8F06469}.Debug|Any CPU.ActiveCfg = Debug|Any CPU
		{FDD7C933-7C38-48C5-937D-6AFBF8F06469}.Debug|Any CPU.Build.0 = Debug|Any CPU
		{FDD7C933-7C38-48C5-937D-6AFBF8F06469}.Release|Any CPU.ActiveCfg = Release|Any CPU
		{FDD7C933-7C38-48C5-937D-6AFBF8F06469}.Release|Any CPU.Build.0 = Release|Any CPU
	EndGlobalSection
EndGlobal
